
Microsoft Visual Studio Solution File, Format Version 10.00
# Visual Studio 2008
Project("{FAE04EC0-301F-11D3-BF4B-00C04F79EFBC}") = "WarLab.Base", "WarLab\WarLab.Base.csproj", "{8A13B2BF-4E90-4846-9812-978B21CCCE2B}"
EndProject
Project("{FAE04EC0-301F-11D3-BF4B-00C04F79EFBC}") = "WarLab.Test", "WarLab.Test\WarLab.Test.csproj", "{0E3871C7-D408-40DB-B752-8F9BFFF0C4DB}"
EndProject
Project("{FAE04EC0-301F-11D3-BF4B-00C04F79EFBC}") = "ScientificStudio.Charting", "Chart.Base\ScientificStudio.Charting.csproj", "{2EE43325-B490-49C2-AE90-4B99B8104685}"
EndProject
Project("{FAE04EC0-301F-11D3-BF4B-00C04F79EFBC}") = "WarLab.SampleUI", "WarLab.SampleUI\WarLab.SampleUI.csproj", "{398AD3D2-D40B-42AE-A304-1C3C372B35E1}"
EndProject
Project("{FAE04EC0-301F-11D3-BF4B-00C04F79EFBC}") = "VisualListener", "VisualListener\VisualListener.csproj", "{94E6E2D4-1BA0-4D82-87DD-F5DB696DA406}"
EndProject
Project("{FAE04EC0-301F-11D3-BF4B-00C04F79EFBC}") = "WorldSerializationSample", "WorldSerializationSample\WorldSerializationSample.csproj", "{2E51C2F5-AB87-48B4-ACC8-189964A2004E}"
EndProject
Project("{FAE04EC0-301F-11D3-BF4B-00C04F79EFBC}") = "EnemyPlanes", "EnemyPlanes\EnemyPlanes.csproj", "{A1D1E68B-FDF8-4954-B214-B4CCE4DFDDFA}"
EndProject
Project("{FAE04EC0-301F-11D3-BF4B-00C04F79EFBC}") = "WarLab.SampleUI.2", "WarLab.SampleUI.2\WarLab.SampleUI.2.csproj", "{C2290753-16CA-4419-A6B0-F947AE21609A}"
EndProject
Global
	GlobalSection(TeamFoundationVersionControl) = preSolution
		SccNumberOfProjects = 9
		SccEnterpriseProvider = {4CA58AB2-18FA-4F8D-95D4-32DDF27D184C}
		SccTeamFoundationServer = https://tfs07.codeplex.com/
		SccLocalPath0 = .
		SccProjectUniqueName1 = WarLab\\WarLab.Base.csproj
		SccProjectName1 = WarLab
		SccLocalPath1 = WarLab
		SccProjectUniqueName2 = WarLab.Test\\WarLab.Test.csproj
		SccProjectName2 = WarLab.Test
		SccLocalPath2 = WarLab.Test
		SccProjectUniqueName3 = Chart.Base\\ScientificStudio.Charting.csproj
		SccProjectName3 = Chart.Base
		SccLocalPath3 = Chart.Base
		SccProjectUniqueName4 = WarLab.SampleUI\\WarLab.SampleUI.csproj
		SccProjectName4 = WarLab.SampleUI
		SccLocalPath4 = WarLab.SampleUI
		SccProjectUniqueName5 = VisualListener\\VisualListener.csproj
		SccProjectName5 = VisualListener
		SccLocalPath5 = VisualListener
		SccProjectUniqueName6 = EnemyPlanes\\EnemyPlanes.csproj
		SccProjectName6 = EnemyPlanes
		SccLocalPath6 = EnemyPlanes
		SccProjectUniqueName7 = WorldSerializationSample\\WorldSerializationSample.csproj
		SccProjectName7 = WorldSerializationSample
		SccLocalPath7 = WorldSerializationSample
		SccProjectUniqueName8 = WarLab.SampleUI.2\\WarLab.SampleUI.2.csproj
		SccProjectName8 = WarLab.SampleUI.2
		SccLocalPath8 = WarLab.SampleUI.2
	EndGlobalSection
	GlobalSection(SolutionConfigurationPlatforms) = preSolution
		Debug|Any CPU = Debug|Any CPU
		Release|Any CPU = Release|Any CPU
	EndGlobalSection
	GlobalSection(ProjectConfigurationPlatforms) = postSolution
		{8A13B2BF-4E90-4846-9812-978B21CCCE2B}.Debug|Any CPU.ActiveCfg = Debug|Any CPU
		{8A13B2BF-4E90-4846-9812-978B21CCCE2B}.Debug|Any CPU.Build.0 = Debug|Any CPU
		{8A13B2BF-4E90-4846-9812-978B21CCCE2B}.Release|Any CPU.ActiveCfg = Release|Any CPU
		{8A13B2BF-4E90-4846-9812-978B21CCCE2B}.Release|Any CPU.Build.0 = Release|Any CPU
		{0E3871C7-D408-40DB-B752-8F9BFFF0C4DB}.Debug|Any CPU.ActiveCfg = Debug|Any CPU
		{0E3871C7-D408-40DB-B752-8F9BFFF0C4DB}.Debug|Any CPU.Build.0 = Debug|Any CPU
		{0E3871C7-D408-40DB-B752-8F9BFFF0C4DB}.Release|Any CPU.ActiveCfg = Release|Any CPU
		{0E3871C7-D408-40DB-B752-8F9BFFF0C4DB}.Release|Any CPU.Build.0 = Release|Any CPU
		{2EE43325-B490-49C2-AE90-4B99B8104685}.Debug|Any CPU.ActiveCfg = Debug|Any CPU
		{2EE43325-B490-49C2-AE90-4B99B8104685}.Debug|Any CPU.Build.0 = Debug|Any CPU
		{2EE43325-B490-49C2-AE90-4B99B8104685}.Release|Any CPU.ActiveCfg = Release|Any CPU
		{2EE43325-B490-49C2-AE90-4B99B8104685}.Release|Any CPU.Build.0 = Release|Any CPU
		{398AD3D2-D40B-42AE-A304-1C3C372B35E1}.Debug|Any CPU.ActiveCfg = Debug|Any CPU
		{398AD3D2-D40B-42AE-A304-1C3C372B35E1}.Debug|Any CPU.Build.0 = Debug|Any CPU
		{398AD3D2-D40B-42AE-A304-1C3C372B35E1}.Release|Any CPU.ActiveCfg = Release|Any CPU
		{398AD3D2-D40B-42AE-A304-1C3C372B35E1}.Release|Any CPU.Build.0 = Release|Any CPU
		{94E6E2D4-1BA0-4D82-87DD-F5DB696DA406}.Debug|Any CPU.ActiveCfg = Debug|Any CPU
		{94E6E2D4-1BA0-4D82-87DD-F5DB696DA406}.Debug|Any CPU.Build.0 = Debug|Any CPU
		{94E6E2D4-1BA0-4D82-87DD-F5DB696DA406}.Release|Any CPU.ActiveCfg = Release|Any CPU
		{94E6E2D4-1BA0-4D82-87DD-F5DB696DA406}.Release|Any CPU.Build.0 = Release|Any CPU
		{2E51C2F5-AB87-48B4-ACC8-189964A2004E}.Debug|Any CPU.ActiveCfg = Debug|Any CPU
		{2E51C2F5-AB87-48B4-ACC8-189964A2004E}.Debug|Any CPU.Build.0 = Debug|Any CPU
		{2E51C2F5-AB87-48B4-ACC8-189964A2004E}.Release|Any CPU.ActiveCfg = Release|Any CPU
		{2E51C2F5-AB87-48B4-ACC8-189964A2004E}.Release|Any CPU.Build.0 = Release|Any CPU
		{A1D1E68B-FDF8-4954-B214-B4CCE4DFDDFA}.Debug|Any CPU.ActiveCfg = Debug|Any CPU
		{A1D1E68B-FDF8-4954-B214-B4CCE4DFDDFA}.Debug|Any CPU.Build.0 = Debug|Any CPU
		{A1D1E68B-FDF8-4954-B214-B4CCE4DFDDFA}.Release|Any CPU.ActiveCfg = Release|Any CPU
		{A1D1E68B-FDF8-4954-B214-B4CCE4DFDDFA}.Release|Any CPU.Build.0 = Release|Any CPU
		{C2290753-16CA-4419-A6B0-F947AE21609A}.Debug|Any CPU.ActiveCfg = Debug|Any CPU
		{C2290753-16CA-4419-A6B0-F947AE21609A}.Debug|Any CPU.Build.0 = Debug|Any CPU
		{C2290753-16CA-4419-A6B0-F947AE21609A}.Release|Any CPU.ActiveCfg = Release|Any CPU
		{C2290753-16CA-4419-A6B0-F947AE21609A}.Release|Any CPU.Build.0 = Release|Any CPU
	EndGlobalSection
	GlobalSection(SolutionProperties) = preSolution
		HideSolutionNode = FALSE
	EndGlobalSection
EndGlobal
